// !$*UTF8*$!
{
	archiveVersion = 1;
	classes = {
	};
	objectVersion = 56;
	objects = {

/* Begin PBXBuildFile section */
		D8D8301D2B4A4D87005641FB /* AppDelegate.swift in Sources */ = {isa = PBXBuildFile; fileRef = D8D8301C2B4A4D87005641FB /* AppDelegate.swift */; };
		D8D830212B4A4D87005641FB /* ViewController.swift in Sources */ = {isa = PBXBuildFile; fileRef = D8D830202B4A4D87005641FB /* ViewController.swift */; };
		D8D830262B4A4D88005641FB /* Assets.xcassets in Resources */ = {isa = PBXBuildFile; fileRef = D8D830252B4A4D88005641FB /* Assets.xcassets */; };
		D8D830292B4A4D88005641FB /* LaunchScreen.storyboard in Resources */ = {isa = PBXBuildFile; fileRef = D8D830272B4A4D88005641FB /* LaunchScreen.storyboard */; };
		D8D830352B4A4DC6005641FB /* ParaSol.swift in Sources */ = {isa = PBXBuildFile; fileRef = D8D830342B4A4DC6005641FB /* ParaSol.swift */; };
		D8D830382B4A4E29005641FB /* Acheron in Frameworks */ = {isa = PBXBuildFile; productRef = D8D830372B4A4E29005641FB /* Acheron */; };
/* End PBXBuildFile section */

/* Begin PBXFileReference section */
		D8D830192B4A4D87005641FB /* ParaSol.app */ = {isa = PBXFileReference; explicitFileType = wrapper.application; includeInIndex = 0; path = ParaSol.app; sourceTree = BUILT_PRODUCTS_DIR; };
		D8D8301C2B4A4D87005641FB /* AppDelegate.swift */ = {isa = PBXFileReference; lastKnownFileType = sourcecode.swift; path = AppDelegate.swift; sourceTree = "<group>"; };
		D8D830202B4A4D87005641FB /* ViewController.swift */ = {isa = PBXFileReference; lastKnownFileType = sourcecode.swift; path = ViewController.swift; sourceTree = "<group>"; };
		D8D830252B4A4D88005641FB /* Assets.xcassets */ = {isa = PBXFileReference; lastKnownFileType = folder.assetcatalog; path = Assets.xcassets; sourceTree = "<group>"; };
		D8D830282B4A4D88005641FB /* Base */ = {isa = PBXFileReference; lastKnownFileType = file.storyboard; name = Base; path = Base.lproj/LaunchScreen.storyboard; sourceTree = "<group>"; };
		D8D8302A2B4A4D88005641FB /* Info.plist */ = {isa = PBXFileReference; lastKnownFileType = text.plist.xml; path = Info.plist; sourceTree = "<group>"; };
		D8D830342B4A4DC6005641FB /* ParaSol.swift */ = {isa = PBXFileReference; lastKnownFileType = sourcecode.swift; path = ParaSol.swift; sourceTree = "<group>"; };
/* End PBXFileReference section */

/* Begin PBXFrameworksBuildPhase section */
		D8D830162B4A4D87005641FB /* Frameworks */ = {
			isa = PBXFrameworksBuildPhase;
			buildActionMask = 2147483647;
			files = (
				D8D830382B4A4E29005641FB /* Acheron in Frameworks */,
			);
			runOnlyForDeploymentPostprocessing = 0;
		};
/* End PBXFrameworksBuildPhase section */

/* Begin PBXGroup section */
		D8D830102B4A4D87005641FB = {
			isa = PBXGroup;
			children = (
				D8D8301B2B4A4D87005641FB /* Source */,
				D8D830302B4A4D92005641FB /* Resources */,
				D8D8301A2B4A4D87005641FB /* Products */,
			);
			sourceTree = "<group>";
		};
		D8D8301A2B4A4D87005641FB /* Products */ = {
			isa = PBXGroup;
			children = (
				D8D830192B4A4D87005641FB /* ParaSol.app */,
			);
			name = Products;
			sourceTree = "<group>";
		};
		D8D8301B2B4A4D87005641FB /* Source */ = {
			isa = PBXGroup;
			children = (
				D8D830312B4A4D9D005641FB /* Domain */,
				D8D830332B4A4DA9005641FB /* Interface */,
				D8D830322B4A4DA3005641FB /* Global */,
			);
			path = Source;
			sourceTree = "<group>";
		};
		D8D830302B4A4D92005641FB /* Resources */ = {
			isa = PBXGroup;
			children = (
				D8D830252B4A4D88005641FB /* Assets.xcassets */,
				D8D830272B4A4D88005641FB /* LaunchScreen.storyboard */,
				D8D8302A2B4A4D88005641FB /* Info.plist */,
			);
			path = Resources;
			sourceTree = "<group>";
		};
		D8D830312B4A4D9D005641FB /* Domain */ = {
			isa = PBXGroup;
			children = (
			);
			path = Domain;
			sourceTree = "<group>";
		};
		D8D830322B4A4DA3005641FB /* Global */ = {
			isa = PBXGroup;
			children = (
				D8D8301C2B4A4D87005641FB /* AppDelegate.swift */,
				D8D830342B4A4DC6005641FB /* ParaSol.swift */,
			);
			path = Global;
			sourceTree = "<group>";
		};
		D8D830332B4A4DA9005641FB /* Interface */ = {
			isa = PBXGroup;
			children = (
				D8D830202B4A4D87005641FB /* ViewController.swift */,
			);
			path = Interface;
			sourceTree = "<group>";
		};
/* End PBXGroup section */

/* Begin PBXNativeTarget section */
		D8D830182B4A4D87005641FB /* ParaSol */ = {
			isa = PBXNativeTarget;
			buildConfigurationList = D8D8302D2B4A4D88005641FB /* Build configuration list for PBXNativeTarget "ParaSol" */;
			buildPhases = (
				D8D830152B4A4D87005641FB /* Sources */,
				D8D830162B4A4D87005641FB /* Frameworks */,
				D8D830172B4A4D87005641FB /* Resources */,
			);
			buildRules = (
			);
			dependencies = (
			);
			name = ParaSol;
			packageProductDependencies = (
				D8D830372B4A4E29005641FB /* Acheron */,
			);
			productName = ParaSol;
			productReference = D8D830192B4A4D87005641FB /* ParaSol.app */;
			productType = "com.apple.product-type.application";
		};
/* End PBXNativeTarget section */

/* Begin PBXProject section */
		D8D830112B4A4D87005641FB /* Project object */ = {
			isa = PBXProject;
			attributes = {
				BuildIndependentTargetsInParallel = 1;
				LastSwiftUpdateCheck = 1510;
				LastUpgradeCheck = 1510;
				ORGANIZATIONNAME = "Aepryus Software";
				TargetAttributes = {
					D8D830182B4A4D87005641FB = {
						CreatedOnToolsVersion = 15.1;
					};
				};
			};
			buildConfigurationList = D8D830142B4A4D87005641FB /* Build configuration list for PBXProject "ParaSol" */;
			compatibilityVersion = "Xcode 14.0";
			developmentRegion = en;
			hasScannedForEncodings = 0;
			knownRegions = (
				en,
				Base,
			);
			mainGroup = D8D830102B4A4D87005641FB;
			packageReferences = (
				D8D830362B4A4E28005641FB /* XCRemoteSwiftPackageReference "Acheron" */,
			);
			productRefGroup = D8D8301A2B4A4D87005641FB /* Products */;
			projectDirPath = "";
			projectRoot = "";
			targets = (
				D8D830182B4A4D87005641FB /* ParaSol */,
			);
		};
/* End PBXProject section */

/* Begin PBXResourcesBuildPhase section */
		D8D830172B4A4D87005641FB /* Resources */ = {
			isa = PBXResourcesBuildPhase;
			buildActionMask = 2147483647;
			files = (
				D8D830292B4A4D88005641FB /* LaunchScreen.storyboard in Resources */,
				D8D830262B4A4D88005641FB /* Assets.xcassets in Resources */,
			);
			runOnlyForDeploymentPostprocessing = 0;
		};
/* End PBXResourcesBuildPhase section */

/* Begin PBXSourcesBuildPhase section */
		D8D830152B4A4D87005641FB /* Sources */ = {
			isa = PBXSourcesBuildPhase;
			buildActionMask = 2147483647;
			files = (
				D8D830212B4A4D87005641FB /* ViewController.swift in Sources */,
				D8D830352B4A4DC6005641FB /* ParaSol.swift in Sources */,
				D8D8301D2B4A4D87005641FB /* AppDelegate.swift in Sources */,
			);
			runOnlyForDeploymentPostprocessing = 0;
		};
/* End PBXSourcesBuildPhase section */

/* Begin PBXVariantGroup section */
		D8D830272B4A4D88005641FB /* LaunchScreen.storyboard */ = {
			isa = PBXVariantGroup;
			children = (
				D8D830282B4A4D88005641FB /* Base */,
			);
			name = LaunchScreen.storyboard;
			sourceTree = "<group>";
		};
/* End PBXVariantGroup section */

/* Begin XCBuildConfiguration section */
		D8D8302B2B4A4D88005641FB /* Debug */ = {
			isa = XCBuildConfiguration;
			buildSettings = {
				ALWAYS_SEARCH_USER_PATHS = NO;
				ASSETCATALOG_COMPILER_GENERATE_SWIFT_ASSET_SYMBOL_EXTENSIONS = YES;
				CLANG_ANALYZER_NONNULL = YES;
				CLANG_ANALYZER_NUMBER_OBJECT_CONVERSION = YES_AGGRESSIVE;
				CLANG_CXX_LANGUAGE_STANDARD = "gnu++20";
				CLANG_ENABLE_MODULES = YES;
				CLANG_ENABLE_OBJC_ARC = YES;
				CLANG_ENABLE_OBJC_WEAK = YES;
				CLANG_WARN_BLOCK_CAPTURE_AUTORELEASING = YES;
				CLANG_WARN_BOOL_CONVERSION = YES;
				CLANG_WARN_COMMA = YES;
				CLANG_WARN_CONSTANT_CONVERSION = YES;
				CLANG_WARN_DEPRECATED_OBJC_IMPLEMENTATIONS = YES;
				CLANG_WARN_DIRECT_OBJC_ISA_USAGE = YES_ERROR;
				CLANG_WARN_DOCUMENTATION_COMMENTS = YES;
				CLANG_WARN_EMPTY_BODY = YES;
				CLANG_WARN_ENUM_CONVERSION = YES;
				CLANG_WARN_INFINITE_RECURSION = YES;
				CLANG_WARN_INT_CONVERSION = YES;
				CLANG_WARN_NON_LITERAL_NULL_CONVERSION = YES;
				CLANG_WARN_OBJC_IMPLICIT_RETAIN_SELF = YES;
				CLANG_WARN_OBJC_LITERAL_CONVERSION = YES;
				CLANG_WARN_OBJC_ROOT_CLASS = YES_ERROR;
				CLANG_WARN_QUOTED_INCLUDE_IN_FRAMEWORK_HEADER = YES;
				CLANG_WARN_RANGE_LOOP_ANALYSIS = YES;
				CLANG_WARN_STRICT_PROTOTYPES = YES;
				CLANG_WARN_SUSPICIOUS_MOVE = YES;
				CLANG_WARN_UNGUARDED_AVAILABILITY = YES_AGGRESSIVE;
				CLANG_WARN_UNREACHABLE_CODE = YES;
				CLANG_WARN__DUPLICATE_METHOD_MATCH = YES;
				COPY_PHASE_STRIP = NO;
				DEBUG_INFORMATION_FORMAT = dwarf;
				ENABLE_STRICT_OBJC_MSGSEND = YES;
				ENABLE_TESTABILITY = YES;
				ENABLE_USER_SCRIPT_SANDBOXING = YES;
				GCC_C_LANGUAGE_STANDARD = gnu17;
				GCC_DYNAMIC_NO_PIC = NO;
				GCC_NO_COMMON_BLOCKS = YES;
				GCC_OPTIMIZATION_LEVEL = 0;
				GCC_PREPROCESSOR_DEFINITIONS = (
					"DEBUG=1",
					"$(inherited)",
				);
				GCC_WARN_64_TO_32_BIT_CONVERSION = YES;
				GCC_WARN_ABOUT_RETURN_TYPE = YES_ERROR;
				GCC_WARN_UNDECLARED_SELECTOR = YES;
				GCC_WARN_UNINITIALIZED_AUTOS = YES_AGGRESSIVE;
				GCC_WARN_UNUSED_FUNCTION = YES;
				GCC_WARN_UNUSED_VARIABLE = YES;
				IPHONEOS_DEPLOYMENT_TARGET = 17.2;
				LOCALIZATION_PREFERS_STRING_CATALOGS = YES;
				MTL_ENABLE_DEBUG_INFO = INCLUDE_SOURCE;
				MTL_FAST_MATH = YES;
				ONLY_ACTIVE_ARCH = YES;
				SDKROOT = iphoneos;
				SWIFT_ACTIVE_COMPILATION_CONDITIONS = "DEBUG $(inherited)";
				SWIFT_OPTIMIZATION_LEVEL = "-Onone";
			};
			name = Debug;
		};
		D8D8302C2B4A4D88005641FB /* Release */ = {
			isa = XCBuildConfiguration;
			buildSettings = {
				ALWAYS_SEARCH_USER_PATHS = NO;
				ASSETCATALOG_COMPILER_GENERATE_SWIFT_ASSET_SYMBOL_EXTENSIONS = YES;
				CLANG_ANALYZER_NONNULL = YES;
				CLANG_ANALYZER_NUMBER_OBJECT_CONVERSION = YES_AGGRESSIVE;
				CLANG_CXX_LANGUAGE_STANDARD = "gnu++20";
				CLANG_ENABLE_MODULES = YES;
				CLANG_ENABLE_OBJC_ARC = YES;
				CLANG_ENABLE_OBJC_WEAK = YES;
				CLANG_WARN_BLOCK_CAPTURE_AUTORELEASING = YES;
				CLANG_WARN_BOOL_CONVERSION = YES;
				CLANG_WARN_COMMA = YES;
				CLANG_WARN_CONSTANT_CONVERSION = YES;
				CLANG_WARN_DEPRECATED_OBJC_IMPLEMENTATIONS = YES;
				CLANG_WARN_DIRECT_OBJC_ISA_USAGE = YES_ERROR;
				CLANG_WARN_DOCUMENTATION_COMMENTS = YES;
				CLANG_WARN_EMPTY_BODY = YES;
				CLANG_WARN_ENUM_CONVERSION = YES;
				CLANG_WARN_INFINITE_RECURSION = YES;
				CLANG_WARN_INT_CONVERSION = YES;
				CLANG_WARN_NON_LITERAL_NULL_CONVERSION = YES;
				CLANG_WARN_OBJC_IMPLICIT_RETAIN_SELF = YES;
				CLANG_WARN_OBJC_LITERAL_CONVERSION = YES;
				CLANG_WARN_OBJC_ROOT_CLASS = YES_ERROR;
				CLANG_WARN_QUOTED_INCLUDE_IN_FRAMEWORK_HEADER = YES;
				CLANG_WARN_RANGE_LOOP_ANALYSIS = YES;
				CLANG_WARN_STRICT_PROTOTYPES = YES;
				CLANG_WARN_SUSPICIOUS_MOVE = YES;
				CLANG_WARN_UNGUARDED_AVAILABILITY = YES_AGGRESSIVE;
				CLANG_WARN_UNREACHABLE_CODE = YES;
				CLANG_WARN__DUPLICATE_METHOD_MATCH = YES;
				COPY_PHASE_STRIP = NO;
				DEBUG_INFORMATION_FORMAT = "dwarf-with-dsym";
				ENABLE_NS_ASSERTIONS = NO;
				ENABLE_STRICT_OBJC_MSGSEND = YES;
				ENABLE_USER_SCRIPT_SANDBOXING = YES;
				GCC_C_LANGUAGE_STANDARD = gnu17;
				GCC_NO_COMMON_BLOCKS = YES;
				GCC_WARN_64_TO_32_BIT_CONVERSION = YES;
				GCC_WARN_ABOUT_RETURN_TYPE = YES_ERROR;
				GCC_WARN_UNDECLARED_SELECTOR = YES;
				GCC_WARN_UNINITIALIZED_AUTOS = YES_AGGRESSIVE;
				GCC_WARN_UNUSED_FUNCTION = YES;
				GCC_WARN_UNUSED_VARIABLE = YES;
				IPHONEOS_DEPLOYMENT_TARGET = 17.2;
				LOCALIZATION_PREFERS_STRING_CATALOGS = YES;
				MTL_ENABLE_DEBUG_INFO = NO;
				MTL_FAST_MATH = YES;
				SDKROOT = iphoneos;
				SWIFT_COMPILATION_MODE = wholemodule;
				VALIDATE_PRODUCT = YES;
			};
			name = Release;
		};
		D8D8302E2B4A4D88005641FB /* Debug */ = {
			isa = XCBuildConfiguration;
			buildSettings = {
				ASSETCATALOG_COMPILER_APPICON_NAME = AppIcon;
				ASSETCATALOG_COMPILER_GLOBAL_ACCENT_COLOR_NAME = AccentColor;
				CODE_SIGN_STYLE = Automatic;
				CURRENT_PROJECT_VERSION = 1;
				DEVELOPMENT_TEAM = Z6PFG8RC6V;
				GENERATE_INFOPLIST_FILE = YES;
				INFOPLIST_FILE = Resources/Info.plist;
				INFOPLIST_KEY_UIApplicationSupportsIndirectInputEvents = YES;
				INFOPLIST_KEY_UILaunchStoryboardName = LaunchScreen;
				INFOPLIST_KEY_UISupportedInterfaceOrientations_iPad = "UIInterfaceOrientationPortrait UIInterfaceOrientationPortraitUpsideDown UIInterfaceOrientationLandscapeLeft UIInterfaceOrientationLandscapeRight";
				INFOPLIST_KEY_UISupportedInterfaceOrientations_iPhone = "UIInterfaceOrientationPortrait UIInterfaceOrientationLandscapeLeft UIInterfaceOrientationLandscapeRight";
				LD_RUNPATH_SEARCH_PATHS = (
					"$(inherited)",
					"@executable_path/Frameworks",
				);
				MARKETING_VERSION = 1.0;
				PRODUCT_BUNDLE_IDENTIFIER = com.aepryus.ParaSol;
				PRODUCT_NAME = "$(TARGET_NAME)";
				SWIFT_EMIT_LOC_STRINGS = YES;
				SWIFT_VERSION = 5.0;
				TARGETED_DEVICE_FAMILY = "1,2";
			};
			name = Debug;
		};
		D8D8302F2B4A4D88005641FB /* Release */ = {
			isa = XCBuildConfiguration;
			buildSettings = {
				ASSETCATALOG_COMPILER_APPICON_NAME = AppIcon;
				ASSETCATALOG_COMPILER_GLOBAL_ACCENT_COLOR_NAME = AccentColor;
				CODE_SIGN_STYLE = Automatic;
				CURRENT_PROJECT_VERSION = 1;
				DEVELOPMENT_TEAM = Z6PFG8RC6V;
				GENERATE_INFOPLIST_FILE = YES;
				INFOPLIST_FILE = Resources/Info.plist;
				INFOPLIST_KEY_UIApplicationSupportsIndirectInputEvents = YES;
				INFOPLIST_KEY_UILaunchStoryboardName = LaunchScreen;
				INFOPLIST_KEY_UISupportedInterfaceOrientations_iPad = "UIInterfaceOrientationPortrait UIInterfaceOrientationPortraitUpsideDown UIInterfaceOrientationLandscapeLeft UIInterfaceOrientationLandscapeRight";
				INFOPLIST_KEY_UISupportedInterfaceOrientations_iPhone = "UIInterfaceOrientationPortrait UIInterfaceOrientationLandscapeLeft UIInterfaceOrientationLandscapeRight";
				LD_RUNPATH_SEARCH_PATHS = (
					"$(inherited)",
					"@executable_path/Frameworks",
				);
				MARKETING_VERSION = 1.0;
				PRODUCT_BUNDLE_IDENTIFIER = com.aepryus.ParaSol;
				PRODUCT_NAME = "$(TARGET_NAME)";
				SWIFT_EMIT_LOC_STRINGS = YES;
				SWIFT_VERSION = 5.0;
				TARGETED_DEVICE_FAMILY = "1,2";
			};
			name = Release;
		};
/* End XCBuildConfiguration section */

/* Begin XCConfigurationList section */
		D8D830142B4A4D87005641FB /* Build configuration list for PBXProject "ParaSol" */ = {
			isa = XCConfigurationList;
			buildConfigurations = (
				D8D8302B2B4A4D88005641FB /* Debug */,
				D8D8302C2B4A4D88005641FB /* Release */,
			);
			defaultConfigurationIsVisible = 0;
			defaultConfigurationName = Release;
		};
		D8D8302D2B4A4D88005641FB /* Build configuration list for PBXNativeTarget "ParaSol" */ = {
			isa = XCConfigurationList;
			buildConfigurations = (
				D8D8302E2B4A4D88005641FB /* Debug */,
				D8D8302F2B4A4D88005641FB /* Release */,
			);
			defaultConfigurationIsVisible = 0;
			defaultConfigurationName = Release;
		};
/* End XCConfigurationList section */

/* Begin XCRemoteSwiftPackageReference section */
		D8D830362B4A4E28005641FB /* XCRemoteSwiftPackageReference "Acheron" */ = {
			isa = XCRemoteSwiftPackageReference;
			repositoryURL = "git@github.com:aepryus/Acheron.git";
			requirement = {
				branch = master;
				kind = branch;
			};
		};
/* End XCRemoteSwiftPackageReference section */

/* Begin XCSwiftPackageProductDependency section */
		D8D830372B4A4E29005641FB /* Acheron */ = {
			isa = XCSwiftPackageProductDependency;
			package = D8D830362B4A4E28005641FB /* XCRemoteSwiftPackageReference "Acheron" */;
			productName = Acheron;
		};
/* End XCSwiftPackageProductDependency section */
	};
	rootObject = D8D830112B4A4D87005641FB /* Project object */;
}
